// !$*UTF8*$!
{
	archiveVersion = 1;
	classes = {
	};
	objectVersion = 55;
	objects = {

/* Begin PBXBuildFile section */
		592CAA8C2890914C001F98F8 /* HuntressView.swift in Sources */ = {isa = PBXBuildFile; fileRef = 592CAA8B2890914C001F98F8 /* HuntressView.swift */; };
		592CAA8E289163ED001F98F8 /* ReservationView.swift in Sources */ = {isa = PBXBuildFile; fileRef = 592CAA8D289163ED001F98F8 /* ReservationView.swift */; };
		592CAA9028916404001F98F8 /* MenuView.swift in Sources */ = {isa = PBXBuildFile; fileRef = 592CAA8F28916404001F98F8 /* MenuView.swift */; };
		592CAA922891784A001F98F8 /* MenuItem1.swift in Sources */ = {isa = PBXBuildFile; fileRef = 592CAA912891784A001F98F8 /* MenuItem1.swift */; };
		592CAA9428917B4A001F98F8 /* MenuItem2.swift in Sources */ = {isa = PBXBuildFile; fileRef = 592CAA9328917B4A001F98F8 /* MenuItem2.swift */; };
		592CAA9628917CA8001F98F8 /* MenuItem3.swift in Sources */ = {isa = PBXBuildFile; fileRef = 592CAA9528917CA8001F98F8 /* MenuItem3.swift */; };
		592CAA9828917CFA001F98F8 /* MenuItem4.swift in Sources */ = {isa = PBXBuildFile; fileRef = 592CAA9728917CFA001F98F8 /* MenuItem4.swift */; };
		592CAA9A28917D97001F98F8 /* MenuItem5.swift in Sources */ = {isa = PBXBuildFile; fileRef = 592CAA9928917D97001F98F8 /* MenuItem5.swift */; };
		592CAA9C28917DE2001F98F8 /* MenuItem6.swift in Sources */ = {isa = PBXBuildFile; fileRef = 592CAA9B28917DE2001F98F8 /* MenuItem6.swift */; };
		592CAA9E28918968001F98F8 /* CartView1.swift in Sources */ = {isa = PBXBuildFile; fileRef = 592CAA9D28918968001F98F8 /* CartView1.swift */; };
		592CAAA02891897C001F98F8 /* CartView2.swift in Sources */ = {isa = PBXBuildFile; fileRef = 592CAA9F2891897C001F98F8 /* CartView2.swift */; };
		592CAAA228918EA9001F98F8 /* SplitBillView.swift in Sources */ = {isa = PBXBuildFile; fileRef = 592CAAA128918EA9001F98F8 /* SplitBillView.swift */; };
		592CAAA42891BF6C001F98F8 /* CheckBoxView.swift in Sources */ = {isa = PBXBuildFile; fileRef = 592CAAA32891BF6C001F98F8 /* CheckBoxView.swift */; };
		592CAAA62891C8B4001F98F8 /* FinalView.swift in Sources */ = {isa = PBXBuildFile; fileRef = 592CAAA52891C8B4001F98F8 /* FinalView.swift */; };
		592CAAA82891E86E001F98F8 /* Date1.swift in Sources */ = {isa = PBXBuildFile; fileRef = 592CAAA72891E86E001F98F8 /* Date1.swift */; };
		592CAAAA2891E9A7001F98F8 /* Date2.swift in Sources */ = {isa = PBXBuildFile; fileRef = 592CAAA92891E9A7001F98F8 /* Date2.swift */; };
		592CAAAC2891E9FC001F98F8 /* Date3.swift in Sources */ = {isa = PBXBuildFile; fileRef = 592CAAAB2891E9FC001F98F8 /* Date3.swift */; };
		592CAAAE2891EA3A001F98F8 /* Date4.swift in Sources */ = {isa = PBXBuildFile; fileRef = 592CAAAD2891EA3A001F98F8 /* Date4.swift */; };
		5963F49028903F15006D47A3 /* NewConvenientReservationsApp.swift in Sources */ = {isa = PBXBuildFile; fileRef = 5963F48F28903F15006D47A3 /* NewConvenientReservationsApp.swift */; };
		5963F49228903F15006D47A3 /* ContentView.swift in Sources */ = {isa = PBXBuildFile; fileRef = 5963F49128903F15006D47A3 /* ContentView.swift */; };
		5963F49428903F1A006D47A3 /* Assets.xcassets in Resources */ = {isa = PBXBuildFile; fileRef = 5963F49328903F1A006D47A3 /* Assets.xcassets */; };
		5963F49728903F1B006D47A3 /* Preview Assets.xcassets in Resources */ = {isa = PBXBuildFile; fileRef = 5963F49628903F1B006D47A3 /* Preview Assets.xcassets */; };
		5963F49E28904950006D47A3 /* HomePage.swift in Sources */ = {isa = PBXBuildFile; fileRef = 5963F49D28904950006D47A3 /* HomePage.swift */; };
		5963F4A028905237006D47A3 /* LoginView.swift in Sources */ = {isa = PBXBuildFile; fileRef = 5963F49F28905237006D47A3 /* LoginView.swift */; };
		5963F4A22890555F006D47A3 /* RestaurantView.swift in Sources */ = {isa = PBXBuildFile; fileRef = 5963F4A12890555F006D47A3 /* RestaurantView.swift */; };
		5963F4A4289075A1006D47A3 /* SearchBar.swift in Sources */ = {isa = PBXBuildFile; fileRef = 5963F4A3289075A1006D47A3 /* SearchBar.swift */; };
		5963F4A628907F34006D47A3 /* Restaurant.swift in Sources */ = {isa = PBXBuildFile; fileRef = 5963F4A528907F34006D47A3 /* Restaurant.swift */; };
/* End PBXBuildFile section */

/* Begin PBXFileReference section */
		592CAA8B2890914C001F98F8 /* HuntressView.swift */ = {isa = PBXFileReference; lastKnownFileType = sourcecode.swift; path = HuntressView.swift; sourceTree = "<group>"; };
		592CAA8D289163ED001F98F8 /* ReservationView.swift */ = {isa = PBXFileReference; lastKnownFileType = sourcecode.swift; path = ReservationView.swift; sourceTree = "<group>"; };
		592CAA8F28916404001F98F8 /* MenuView.swift */ = {isa = PBXFileReference; lastKnownFileType = sourcecode.swift; path = MenuView.swift; sourceTree = "<group>"; };
		592CAA912891784A001F98F8 /* MenuItem1.swift */ = {isa = PBXFileReference; lastKnownFileType = sourcecode.swift; path = MenuItem1.swift; sourceTree = "<group>"; };
		592CAA9328917B4A001F98F8 /* MenuItem2.swift */ = {isa = PBXFileReference; lastKnownFileType = sourcecode.swift; path = MenuItem2.swift; sourceTree = "<group>"; };
		592CAA9528917CA8001F98F8 /* MenuItem3.swift */ = {isa = PBXFileReference; lastKnownFileType = sourcecode.swift; path = MenuItem3.swift; sourceTree = "<group>"; };
		592CAA9728917CFA001F98F8 /* MenuItem4.swift */ = {isa = PBXFileReference; lastKnownFileType = sourcecode.swift; path = MenuItem4.swift; sourceTree = "<group>"; };
		592CAA9928917D97001F98F8 /* MenuItem5.swift */ = {isa = PBXFileReference; lastKnownFileType = sourcecode.swift; path = MenuItem5.swift; sourceTree = "<group>"; };
		592CAA9B28917DE2001F98F8 /* MenuItem6.swift */ = {isa = PBXFileReference; lastKnownFileType = sourcecode.swift; path = MenuItem6.swift; sourceTree = "<group>"; };
		592CAA9D28918968001F98F8 /* CartView1.swift */ = {isa = PBXFileReference; lastKnownFileType = sourcecode.swift; path = CartView1.swift; sourceTree = "<group>"; };
		592CAA9F2891897C001F98F8 /* CartView2.swift */ = {isa = PBXFileReference; lastKnownFileType = sourcecode.swift; path = CartView2.swift; sourceTree = "<group>"; };
		592CAAA128918EA9001F98F8 /* SplitBillView.swift */ = {isa = PBXFileReference; lastKnownFileType = sourcecode.swift; path = SplitBillView.swift; sourceTree = "<group>"; };
		592CAAA32891BF6C001F98F8 /* CheckBoxView.swift */ = {isa = PBXFileReference; lastKnownFileType = sourcecode.swift; path = CheckBoxView.swift; sourceTree = "<group>"; };
		592CAAA52891C8B4001F98F8 /* FinalView.swift */ = {isa = PBXFileReference; lastKnownFileType = sourcecode.swift; path = FinalView.swift; sourceTree = "<group>"; };
		592CAAA72891E86E001F98F8 /* Date1.swift */ = {isa = PBXFileReference; lastKnownFileType = sourcecode.swift; path = Date1.swift; sourceTree = "<group>"; };
		592CAAA92891E9A7001F98F8 /* Date2.swift */ = {isa = PBXFileReference; lastKnownFileType = sourcecode.swift; path = Date2.swift; sourceTree = "<group>"; };
		592CAAAB2891E9FC001F98F8 /* Date3.swift */ = {isa = PBXFileReference; lastKnownFileType = sourcecode.swift; path = Date3.swift; sourceTree = "<group>"; };
		592CAAAD2891EA3A001F98F8 /* Date4.swift */ = {isa = PBXFileReference; lastKnownFileType = sourcecode.swift; path = Date4.swift; sourceTree = "<group>"; };
		5963F48C28903F15006D47A3 /* NewConvenientReservations.app */ = {isa = PBXFileReference; explicitFileType = wrapper.application; includeInIndex = 0; path = NewConvenientReservations.app; sourceTree = BUILT_PRODUCTS_DIR; };
		5963F48F28903F15006D47A3 /* NewConvenientReservationsApp.swift */ = {isa = PBXFileReference; lastKnownFileType = sourcecode.swift; path = NewConvenientReservationsApp.swift; sourceTree = "<group>"; };
		5963F49128903F15006D47A3 /* ContentView.swift */ = {isa = PBXFileReference; lastKnownFileType = sourcecode.swift; path = ContentView.swift; sourceTree = "<group>"; };
		5963F49328903F1A006D47A3 /* Assets.xcassets */ = {isa = PBXFileReference; lastKnownFileType = folder.assetcatalog; path = Assets.xcassets; sourceTree = "<group>"; };
		5963F49628903F1B006D47A3 /* Preview Assets.xcassets */ = {isa = PBXFileReference; lastKnownFileType = folder.assetcatalog; path = "Preview Assets.xcassets"; sourceTree = "<group>"; };
		5963F49D28904950006D47A3 /* HomePage.swift */ = {isa = PBXFileReference; lastKnownFileType = sourcecode.swift; path = HomePage.swift; sourceTree = "<group>"; };
		5963F49F28905237006D47A3 /* LoginView.swift */ = {isa = PBXFileReference; lastKnownFileType = sourcecode.swift; path = LoginView.swift; sourceTree = "<group>"; };
		5963F4A12890555F006D47A3 /* RestaurantView.swift */ = {isa = PBXFileReference; lastKnownFileType = sourcecode.swift; path = RestaurantView.swift; sourceTree = "<group>"; };
		5963F4A3289075A1006D47A3 /* SearchBar.swift */ = {isa = PBXFileReference; lastKnownFileType = sourcecode.swift; path = SearchBar.swift; sourceTree = "<group>"; };
		5963F4A528907F34006D47A3 /* Restaurant.swift */ = {isa = PBXFileReference; lastKnownFileType = sourcecode.swift; path = Restaurant.swift; sourceTree = "<group>"; };
/* End PBXFileReference section */

/* Begin PBXFrameworksBuildPhase section */
		5963F48928903F15006D47A3 /* Frameworks */ = {
			isa = PBXFrameworksBuildPhase;
			buildActionMask = 2147483647;
			files = (
			);
			runOnlyForDeploymentPostprocessing = 0;
		};
/* End PBXFrameworksBuildPhase section */

/* Begin PBXGroup section */
		5963F48328903F15006D47A3 = {
			isa = PBXGroup;
			children = (
				5963F48E28903F15006D47A3 /* NewConvenientReservations */,
				5963F48D28903F15006D47A3 /* Products */,
			);
			sourceTree = "<group>";
		};
		5963F48D28903F15006D47A3 /* Products */ = {
			isa = PBXGroup;
			children = (
				5963F48C28903F15006D47A3 /* NewConvenientReservations.app */,
			);
			name = Products;
			sourceTree = "<group>";
		};
		5963F48E28903F15006D47A3 /* NewConvenientReservations */ = {
			isa = PBXGroup;
			children = (
				5963F48F28903F15006D47A3 /* NewConvenientReservationsApp.swift */,
				5963F49128903F15006D47A3 /* ContentView.swift */,
				5963F49328903F1A006D47A3 /* Assets.xcassets */,
				5963F49528903F1B006D47A3 /* Preview Content */,
				5963F49D28904950006D47A3 /* HomePage.swift */,
				5963F49F28905237006D47A3 /* LoginView.swift */,
				5963F4A12890555F006D47A3 /* RestaurantView.swift */,
				5963F4A3289075A1006D47A3 /* SearchBar.swift */,
				5963F4A528907F34006D47A3 /* Restaurant.swift */,
				592CAA8B2890914C001F98F8 /* HuntressView.swift */,
				592CAA8D289163ED001F98F8 /* ReservationView.swift */,
				592CAA8F28916404001F98F8 /* MenuView.swift */,
				592CAA912891784A001F98F8 /* MenuItem1.swift */,
				592CAA9328917B4A001F98F8 /* MenuItem2.swift */,
				592CAA9528917CA8001F98F8 /* MenuItem3.swift */,
				592CAA9728917CFA001F98F8 /* MenuItem4.swift */,
				592CAA9928917D97001F98F8 /* MenuItem5.swift */,
				592CAA9B28917DE2001F98F8 /* MenuItem6.swift */,
				592CAA9D28918968001F98F8 /* CartView1.swift */,
				592CAA9F2891897C001F98F8 /* CartView2.swift */,
				592CAAA128918EA9001F98F8 /* SplitBillView.swift */,
				592CAAA32891BF6C001F98F8 /* CheckBoxView.swift */,
				592CAAA52891C8B4001F98F8 /* FinalView.swift */,
				592CAAA72891E86E001F98F8 /* Date1.swift */,
				592CAAA92891E9A7001F98F8 /* Date2.swift */,
				592CAAAB2891E9FC001F98F8 /* Date3.swift */,
				592CAAAD2891EA3A001F98F8 /* Date4.swift */,
			);
			path = NewConvenientReservations;
			sourceTree = "<group>";
		};
		5963F49528903F1B006D47A3 /* Preview Content */ = {
			isa = PBXGroup;
			children = (
				5963F49628903F1B006D47A3 /* Preview Assets.xcassets */,
			);
			path = "Preview Content";
			sourceTree = "<group>";
		};
/* End PBXGroup section */

/* Begin PBXNativeTarget section */
		5963F48B28903F15006D47A3 /* NewConvenientReservations */ = {
			isa = PBXNativeTarget;
			buildConfigurationList = 5963F49A28903F1B006D47A3 /* Build configuration list for PBXNativeTarget "NewConvenientReservations" */;
			buildPhases = (
				5963F48828903F15006D47A3 /* Sources */,
				5963F48928903F15006D47A3 /* Frameworks */,
				5963F48A28903F15006D47A3 /* Resources */,
			);
			buildRules = (
			);
			dependencies = (
			);
			name = NewConvenientReservations;
			productName = NewConvenientReservations;
			productReference = 5963F48C28903F15006D47A3 /* NewConvenientReservations.app */;
			productType = "com.apple.product-type.application";
		};
/* End PBXNativeTarget section */

/* Begin PBXProject section */
		5963F48428903F15006D47A3 /* Project object */ = {
			isa = PBXProject;
			attributes = {
				BuildIndependentTargetsInParallel = 1;
				LastSwiftUpdateCheck = 1340;
				LastUpgradeCheck = 1340;
				TargetAttributes = {
					5963F48B28903F15006D47A3 = {
						CreatedOnToolsVersion = 13.4.1;
					};
				};
			};
			buildConfigurationList = 5963F48728903F15006D47A3 /* Build configuration list for PBXProject "NewConvenientReservations" */;
			compatibilityVersion = "Xcode 13.0";
			developmentRegion = en;
			hasScannedForEncodings = 0;
			knownRegions = (
				en,
				Base,
			);
			mainGroup = 5963F48328903F15006D47A3;
			productRefGroup = 5963F48D28903F15006D47A3 /* Products */;
			projectDirPath = "";
			projectRoot = "";
			targets = (
				5963F48B28903F15006D47A3 /* NewConvenientReservations */,
			);
		};
/* End PBXProject section */

/* Begin PBXResourcesBuildPhase section */
		5963F48A28903F15006D47A3 /* Resources */ = {
			isa = PBXResourcesBuildPhase;
			buildActionMask = 2147483647;
			files = (
				5963F49728903F1B006D47A3 /* Preview Assets.xcassets in Resources */,
				5963F49428903F1A006D47A3 /* Assets.xcassets in Resources */,
			);
			runOnlyForDeploymentPostprocessing = 0;
		};
/* End PBXResourcesBuildPhase section */

/* Begin PBXSourcesBuildPhase section */
		5963F48828903F15006D47A3 /* Sources */ = {
			isa = PBXSourcesBuildPhase;
			buildActionMask = 2147483647;
			files = (
				592CAAA62891C8B4001F98F8 /* FinalView.swift in Sources */,
				592CAA922891784A001F98F8 /* MenuItem1.swift in Sources */,
				5963F49228903F15006D47A3 /* ContentView.swift in Sources */,
				592CAA8E289163ED001F98F8 /* ReservationView.swift in Sources */,
				592CAAA02891897C001F98F8 /* CartView2.swift in Sources */,
				592CAAAA2891E9A7001F98F8 /* Date2.swift in Sources */,
				5963F49E28904950006D47A3 /* HomePage.swift in Sources */,
				592CAA9C28917DE2001F98F8 /* MenuItem6.swift in Sources */,
				5963F4A028905237006D47A3 /* LoginView.swift in Sources */,
				5963F4A628907F34006D47A3 /* Restaurant.swift in Sources */,
				592CAA9A28917D97001F98F8 /* MenuItem5.swift in Sources */,
				592CAA9028916404001F98F8 /* MenuView.swift in Sources */,
				592CAA9628917CA8001F98F8 /* MenuItem3.swift in Sources */,
				592CAAA42891BF6C001F98F8 /* CheckBoxView.swift in Sources */,
				592CAA9E28918968001F98F8 /* CartView1.swift in Sources */,
				592CAAAC2891E9FC001F98F8 /* Date3.swift in Sources */,
				592CAAAE2891EA3A001F98F8 /* Date4.swift in Sources */,
				592CAA8C2890914C001F98F8 /* HuntressView.swift in Sources */,
				592CAA9428917B4A001F98F8 /* MenuItem2.swift in Sources */,
				5963F4A22890555F006D47A3 /* RestaurantView.swift in Sources */,
				592CAAA82891E86E001F98F8 /* Date1.swift in Sources */,
				5963F49028903F15006D47A3 /* NewConvenientReservationsApp.swift in Sources */,
				592CAA9828917CFA001F98F8 /* MenuItem4.swift in Sources */,
				5963F4A4289075A1006D47A3 /* SearchBar.swift in Sources */,
				592CAAA228918EA9001F98F8 /* SplitBillView.swift in Sources */,
			);
			runOnlyForDeploymentPostprocessing = 0;
		};
/* End PBXSourcesBuildPhase section */

/* Begin XCBuildConfiguration section */
		5963F49828903F1B006D47A3 /* Debug */ = {
			isa = XCBuildConfiguration;
			buildSettings = {
				ALWAYS_SEARCH_USER_PATHS = NO;
				CLANG_ANALYZER_NONNULL = YES;
				CLANG_ANALYZER_NUMBER_OBJECT_CONVERSION = YES_AGGRESSIVE;
				CLANG_CXX_LANGUAGE_STANDARD = "gnu++17";
				CLANG_ENABLE_MODULES = YES;
				CLANG_ENABLE_OBJC_ARC = YES;
				CLANG_ENABLE_OBJC_WEAK = YES;
				CLANG_WARN_BLOCK_CAPTURE_AUTORELEASING = YES;
				CLANG_WARN_BOOL_CONVERSION = YES;
				CLANG_WARN_COMMA = YES;
				CLANG_WARN_CONSTANT_CONVERSION = YES;
				CLANG_WARN_DEPRECATED_OBJC_IMPLEMENTATIONS = YES;
				CLANG_WARN_DIRECT_OBJC_ISA_USAGE = YES_ERROR;
				CLANG_WARN_DOCUMENTATION_COMMENTS = YES;
				CLANG_WARN_EMPTY_BODY = YES;
				CLANG_WARN_ENUM_CONVERSION = YES;
				CLANG_WARN_INFINITE_RECURSION = YES;
				CLANG_WARN_INT_CONVERSION = YES;
				CLANG_WARN_NON_LITERAL_NULL_CONVERSION = YES;
				CLANG_WARN_OBJC_IMPLICIT_RETAIN_SELF = YES;
				CLANG_WARN_OBJC_LITERAL_CONVERSION = YES;
				CLANG_WARN_OBJC_ROOT_CLASS = YES_ERROR;
				CLANG_WARN_QUOTED_INCLUDE_IN_FRAMEWORK_HEADER = YES;
				CLANG_WARN_RANGE_LOOP_ANALYSIS = YES;
				CLANG_WARN_STRICT_PROTOTYPES = YES;
				CLANG_WARN_SUSPICIOUS_MOVE = YES;
				CLANG_WARN_UNGUARDED_AVAILABILITY = YES_AGGRESSIVE;
				CLANG_WARN_UNREACHABLE_CODE = YES;
				CLANG_WARN__DUPLICATE_METHOD_MATCH = YES;
				COPY_PHASE_STRIP = NO;
				DEBUG_INFORMATION_FORMAT = dwarf;
				ENABLE_STRICT_OBJC_MSGSEND = YES;
				ENABLE_TESTABILITY = YES;
				GCC_C_LANGUAGE_STANDARD = gnu11;
				GCC_DYNAMIC_NO_PIC = NO;
				GCC_NO_COMMON_BLOCKS = YES;
				GCC_OPTIMIZATION_LEVEL = 0;
				GCC_PREPROCESSOR_DEFINITIONS = (
					"DEBUG=1",
					"$(inherited)",
				);
				GCC_WARN_64_TO_32_BIT_CONVERSION = YES;
				GCC_WARN_ABOUT_RETURN_TYPE = YES_ERROR;
				GCC_WARN_UNDECLARED_SELECTOR = YES;
				GCC_WARN_UNINITIALIZED_AUTOS = YES_AGGRESSIVE;
				GCC_WARN_UNUSED_FUNCTION = YES;
				GCC_WARN_UNUSED_VARIABLE = YES;
				IPHONEOS_DEPLOYMENT_TARGET = 15.5;
				MTL_ENABLE_DEBUG_INFO = INCLUDE_SOURCE;
				MTL_FAST_MATH = YES;
				ONLY_ACTIVE_ARCH = YES;
				SDKROOT = iphoneos;
				SWIFT_ACTIVE_COMPILATION_CONDITIONS = DEBUG;
				SWIFT_OPTIMIZATION_LEVEL = "-Onone";
			};
			name = Debug;
		};
		5963F49928903F1B006D47A3 /* Release */ = {
			isa = XCBuildConfiguration;
			buildSettings = {
				ALWAYS_SEARCH_USER_PATHS = NO;
				CLANG_ANALYZER_NONNULL = YES;
				CLANG_ANALYZER_NUMBER_OBJECT_CONVERSION = YES_AGGRESSIVE;
				CLANG_CXX_LANGUAGE_STANDARD = "gnu++17";
				CLANG_ENABLE_MODULES = YES;
				CLANG_ENABLE_OBJC_ARC = YES;
				CLANG_ENABLE_OBJC_WEAK = YES;
				CLANG_WARN_BLOCK_CAPTURE_AUTORELEASING = YES;
				CLANG_WARN_BOOL_CONVERSION = YES;
				CLANG_WARN_COMMA = YES;
				CLANG_WARN_CONSTANT_CONVERSION = YES;
				CLANG_WARN_DEPRECATED_OBJC_IMPLEMENTATIONS = YES;
				CLANG_WARN_DIRECT_OBJC_ISA_USAGE = YES_ERROR;
				CLANG_WARN_DOCUMENTATION_COMMENTS = YES;
				CLANG_WARN_EMPTY_BODY = YES;
				CLANG_WARN_ENUM_CONVERSION = YES;
				CLANG_WARN_INFINITE_RECURSION = YES;
				CLANG_WARN_INT_CONVERSION = YES;
				CLANG_WARN_NON_LITERAL_NULL_CONVERSION = YES;
				CLANG_WARN_OBJC_IMPLICIT_RETAIN_SELF = YES;
				CLANG_WARN_OBJC_LITERAL_CONVERSION = YES;
				CLANG_WARN_OBJC_ROOT_CLASS = YES_ERROR;
				CLANG_WARN_QUOTED_INCLUDE_IN_FRAMEWORK_HEADER = YES;
				CLANG_WARN_RANGE_LOOP_ANALYSIS = YES;
				CLANG_WARN_STRICT_PROTOTYPES = YES;
				CLANG_WARN_SUSPICIOUS_MOVE = YES;
				CLANG_WARN_UNGUARDED_AVAILABILITY = YES_AGGRESSIVE;
				CLANG_WARN_UNREACHABLE_CODE = YES;
				CLANG_WARN__DUPLICATE_METHOD_MATCH = YES;
				COPY_PHASE_STRIP = NO;
				DEBUG_INFORMATION_FORMAT = "dwarf-with-dsym";
				ENABLE_NS_ASSERTIONS = NO;
				ENABLE_STRICT_OBJC_MSGSEND = YES;
				GCC_C_LANGUAGE_STANDARD = gnu11;
				GCC_NO_COMMON_BLOCKS = YES;
				GCC_WARN_64_TO_32_BIT_CONVERSION = YES;
				GCC_WARN_ABOUT_RETURN_TYPE = YES_ERROR;
				GCC_WARN_UNDECLARED_SELECTOR = YES;
				GCC_WARN_UNINITIALIZED_AUTOS = YES_AGGRESSIVE;
				GCC_WARN_UNUSED_FUNCTION = YES;
				GCC_WARN_UNUSED_VARIABLE = YES;
				IPHONEOS_DEPLOYMENT_TARGET = 15.5;
				MTL_ENABLE_DEBUG_INFO = NO;
				MTL_FAST_MATH = YES;
				SDKROOT = iphoneos;
				SWIFT_COMPILATION_MODE = wholemodule;
				SWIFT_OPTIMIZATION_LEVEL = "-O";
				VALIDATE_PRODUCT = YES;
			};
			name = Release;
		};
		5963F49B28903F1B006D47A3 /* Debug */ = {
			isa = XCBuildConfiguration;
			buildSettings = {
				ASSETCATALOG_COMPILER_APPICON_NAME = AppIcon;
				ASSETCATALOG_COMPILER_GLOBAL_ACCENT_COLOR_NAME = AccentColor;
				CODE_SIGN_STYLE = Automatic;
				CURRENT_PROJECT_VERSION = 1;
				DEVELOPMENT_ASSET_PATHS = "\"NewConvenientReservations/Preview Content\"";
				ENABLE_PREVIEWS = YES;
				GENERATE_INFOPLIST_FILE = YES;
				INFOPLIST_KEY_UIApplicationSceneManifest_Generation = YES;
				INFOPLIST_KEY_UIApplicationSupportsIndirectInputEvents = YES;
				INFOPLIST_KEY_UILaunchScreen_Generation = YES;
				INFOPLIST_KEY_UISupportedInterfaceOrientations_iPad = "UIInterfaceOrientationPortrait UIInterfaceOrientationPortraitUpsideDown UIInterfaceOrientationLandscapeLeft UIInterfaceOrientationLandscapeRight";
				INFOPLIST_KEY_UISupportedInterfaceOrientations_iPhone = "UIInterfaceOrientationPortrait UIInterfaceOrientationLandscapeLeft UIInterfaceOrientationLandscapeRight";
				LD_RUNPATH_SEARCH_PATHS = (
					"$(inherited)",
					"@executable_path/Frameworks",
				);
				MARKETING_VERSION = 1.0;
				PRODUCT_BUNDLE_IDENTIFIER = none.NewConvenientReservations;
				PRODUCT_NAME = "$(TARGET_NAME)";
				SWIFT_EMIT_LOC_STRINGS = YES;
				SWIFT_VERSION = 5.0;
				TARGETED_DEVICE_FAMILY = "1,2";
			};
			name = Debug;
		};
		5963F49C28903F1B006D47A3 /* Release */ = {
			isa = XCBuildConfiguration;
			buildSettings = {
				ASSETCATALOG_COMPILER_APPICON_NAME = AppIcon;
				ASSETCATALOG_COMPILER_GLOBAL_ACCENT_COLOR_NAME = AccentColor;
				CODE_SIGN_STYLE = Automatic;
				CURRENT_PROJECT_VERSION = 1;
				DEVELOPMENT_ASSET_PATHS = "\"NewConvenientReservations/Preview Content\"";
				ENABLE_PREVIEWS = YES;
				GENERATE_INFOPLIST_FILE = YES;
				INFOPLIST_KEY_UIApplicationSceneManifest_Generation = YES;
				INFOPLIST_KEY_UIApplicationSupportsIndirectInputEvents = YES;
				INFOPLIST_KEY_UILaunchScreen_Generation = YES;
				INFOPLIST_KEY_UISupportedInterfaceOrientations_iPad = "UIInterfaceOrientationPortrait UIInterfaceOrientationPortraitUpsideDown UIInterfaceOrientationLandscapeLeft UIInterfaceOrientationLandscapeRight";
				INFOPLIST_KEY_UISupportedInterfaceOrientations_iPhone = "UIInterfaceOrientationPortrait UIInterfaceOrientationLandscapeLeft UIInterfaceOrientationLandscapeRight";
				LD_RUNPATH_SEARCH_PATHS = (
					"$(inherited)",
					"@executable_path/Frameworks",
				);
				MARKETING_VERSION = 1.0;
				PRODUCT_BUNDLE_IDENTIFIER = none.NewConvenientReservations;
				PRODUCT_NAME = "$(TARGET_NAME)";
				SWIFT_EMIT_LOC_STRINGS = YES;
				SWIFT_VERSION = 5.0;
				TARGETED_DEVICE_FAMILY = "1,2";
			};
			name = Release;
		};
/* End XCBuildConfiguration section */

/* Begin XCConfigurationList section */
		5963F48728903F15006D47A3 /* Build configuration list for PBXProject "NewConvenientReservations" */ = {
			isa = XCConfigurationList;
			buildConfigurations = (
				5963F49828903F1B006D47A3 /* Debug */,
				5963F49928903F1B006D47A3 /* Release */,
			);
			defaultConfigurationIsVisible = 0;
			defaultConfigurationName = Release;
		};
		5963F49A28903F1B006D47A3 /* Build configuration list for PBXNativeTarget "NewConvenientReservations" */ = {
			isa = XCConfigurationList;
			buildConfigurations = (
				5963F49B28903F1B006D47A3 /* Debug */,
				5963F49C28903F1B006D47A3 /* Release */,
			);
			defaultConfigurationIsVisible = 0;
			defaultConfigurationName = Release;
		};
/* End XCConfigurationList section */
	};
	rootObject = 5963F48428903F15006D47A3 /* Project object */;
}
